# This file is autogenerated, do not edit; changes may be undone by the next 'dep ensure'.


[[projects]]
  digest = "1:0e3c30694c9f3c284136c22a733cd119f6d7144a1e436eadfd1e5b9cdbeeefdf"
  name = "github.com/Financial-Times/go-fthealth"
  packages = ["v1_1"]
  pruneopts = "UT"
  revision = "1b007e2b37b7936dfb6671fa17e5a29fd35a08ea"
  version = "0.4.0"

[[projects]]
  digest = "1:79842a99b682a84375be78f0c6ba316d784eb347f8db2354c3a68fee39a497da"
  name = "github.com/Financial-Times/service-status-go"
  packages = [
    "buildinfo",
    "gtg",
    "httphandlers",
  ]
  pruneopts = "UT"
  revision = "3f5199736a3d7ae52394c63aac36834786825e21"
  version = "0.1.0"

[[projects]]
  digest = "1:85980b283db360128334a51ec94c170e2e1a1836fb1c6ad8c3953c21f46aaa63"
  name = "github.com/Sirupsen/logrus"
  packages = ["."]
  pruneopts = "UT"
  revision = "68806b4b77355d6c8577a2c8bbc6d547a5272491"

[[projects]]
  digest = "1:511f7e1ca840c3b8c5761870d8606aa8bdf95f5d422a74fbe0ef3cf210cfe2c9"
  name = "github.com/davecgh/go-spew"
  packages = ["spew"]
  pruneopts = "UT"
  revision = "04cdfd42973bb9c8589fd6a731800cf222fde1a9"

[[projects]]
  digest = "1:c79fb010be38a59d657c48c6ba1d003a8aa651fa56b579d959d74573b7dff8e1"
  name = "github.com/gorilla/context"
  packages = ["."]
  pruneopts = "UT"
  revision = "08b5f424b9271eedf6f9f0ce86cb9396ed337a42"
  version = "v1.1.1"

[[projects]]
  digest = "1:39709b184cbe5b2aecce843ae0223840dd5cde1f55bb80281a6a3b0a0ca304ed"
  name = "github.com/gorilla/mux"
  packages = ["."]
  pruneopts = "UT"
  revision = "ac112f7d75a0714af1bd86ab17749b31f7809640"

[[projects]]
  digest = "1:77cb3be9b21ba7f1a4701e870c84ea8b66e7d74c7c8951c58155fdadae9414ec"
  name = "github.com/hashicorp/go-cleanhttp"
  packages = ["."]
  pruneopts = "UT"
  revision = "d5fe4b57a186c716b0e00b8c301cbd9b4182694d"

[[projects]]
  digest = "1:62ceaddb066026a52d16a19d43f89a26b6b15c191ffcadfe11dc054442e30486"
  name = "github.com/hashicorp/go-retryablehttp"
  packages = ["."]
  pruneopts = "UT"
  revision = "794af36148bf63c118d6db80eb902a136b907e71"

[[projects]]
  digest = "1:826df03282c5a336f1d23a07ce0ec0a26c7230e1a5d5a79a8ea4b68c0c8462b3"
  name = "github.com/hashicorp/go-version"
  packages = ["."]
  pruneopts = "UT"
  revision = "03c5bf6be031b6dd45afec16b1cf94fc8938bc77"

[[projects]]
  digest = "1:4164b705680c60ef2bf20bbc625e3eb7092096ec20ac291ba0027e408f9ac68e"
  name = "github.com/jawher/mow.cli"
  packages = ["."]
  pruneopts = "UT"
  revision = "e01aafce269dca7d8a6cff6d619f708ef29958db"

[[projects]]
  digest = "1:08413c4235cad94a96c39e1e2f697789733c4a87d1fdf06b412d2cf2ba49826a"
  name = "github.com/pmezard/go-difflib"
  packages = ["difflib"]
  pruneopts = "UT"
  revision = "d8ed2627bdf02c080bf22230dbb337003b7aba2d"

[[projects]]
  digest = "1:b566bbc018497ffb47060cab752ed1b899dea649c9cf1c6b54ae13b4f81f4d10"
  name = "github.com/stretchr/testify"
  packages = ["assert"]
  pruneopts = "UT"
  revision = "4d4bfba8f1d1027c4fdbe371823030df51419987"

[[projects]]
  digest = "1:94fcc699aafcb4f8af1e58129495cd013b0982c7a99e0925df62ddac6356afbd"
  name = "golang.org/x/crypto"
  packages = ["ssh/terminal"]
  pruneopts = "UT"
  revision = "b176d7def5d71bdd214203491f89843ed217f420"

[[projects]]
  digest = "1:84a86693ebfde8400404e6cc1f85161dc31181756b4980385750b5bc81117b27"
  name = "golang.org/x/sys"
  packages = [
    "unix",
    "windows",
  ]
  pruneopts = "UT"
  revision = "43e60d72a8e2bd92ee98319ba9a384a0e9837c08"

[[projects]]
  digest = "1:81048aa2a6d4f2bad3b7af84364c40c030c1dfbc818da2ef16923d3203b2a07d"
  name = "gopkg.in/jarcoal/httpmock.v1"
  packages = ["."]
  pruneopts = "UT"
  revision = "eb84b840d3d6889d2458ceed28e3c6f0d109f6c8"

[solve-meta]
  analyzer-name = "dep"
  analyzer-version = 1
  input-imports = [
    "github.com/Financial-Times/go-fthealth/v1_1",
    "github.com/Financial-Times/service-status-go/gtg",
    "github.com/Financial-Times/service-status-go/httphandlers",
    "github.com/Sirupsen/logrus",
    "github.com/gorilla/mux",
    "github.com/hashicorp/go-retryablehttp",
    "github.com/jawher/mow.cli",
    "github.com/stretchr/testify/assert",
    "gopkg.in/jarcoal/httpmock.v1",
  ]
  solver-name = "gps-cdcl"
  solver-version = 1
